
Microsoft Visual Studio Solution File, Format Version 12.00
# Visual Studio 15
Project("{FAE04EC0-301F-11D3-BF4B-00C04F79EFBC}") = "Assembly-CSharp", "Assembly-CSharp.csproj", "{BCB67800-C7F2-1714-085F-65D526C40529}"
EndProject
Global
	GlobalSection(SolutionConfigurationPlatforms) = preSolution
		Debug|Any CPU = Debug|Any CPU
		Release|Any CPU = Release|Any CPU
	EndGlobalSection
	GlobalSection(ProjectConfigurationPlatforms) = postSolution
		{BCB67800-C7F2-1714-085F-65D526C40529}.Debug|Any CPU.ActiveCfg = Debug|Any CPU
		{BCB67800-C7F2-1714-085F-65D526C40529}.Debug|Any CPU.Build.0 = Debug|Any CPU
		{BCB67800-C7F2-1714-085F-65D526C40529}.Release|Any CPU.ActiveCfg = Release|Any CPU
		{BCB67800-C7F2-1714-085F-65D526C40529}.Release|Any CPU.Build.0 = Release|Any CPU
	EndGlobalSection
	GlobalSection(SolutionProperties) = preSolution
		HideSolutionNode = FALSE
	EndGlobalSection
EndGlobal
